
Microsoft Visual Studio Solution File, Format Version 12.00
# Visual Studio Version 17
VisualStudioVersion = 17.1.32319.34
MinimumVisualStudioVersion = 10.0.40219.1
Project("{9A19103F-16F7-4668-BE54-9A1E7A4F7556}") = "DatosEntityFramework", "DatosEntityFramework\DatosEntityFramework.csproj", "{574AF878-6880-4215-BDAB-3B9EC100FE02}"
EndProject
Project("{FAE04EC0-301F-11D3-BF4B-00C04F79EFBC}") = "EntidadEntityFramework", "EntidadEntityFramework\EntidadEntityFramework.csproj", "{CF7EACBA-C03A-48DF-A29C-CC8496B5FF63}"
EndProject
Project("{FAE04EC0-301F-11D3-BF4B-00C04F79EFBC}") = "Controlador", "Controlador\Controlador.csproj", "{7607B20B-0939-44EA-BC47-55C0C1264623}"
EndProject
Project("{FAE04EC0-301F-11D3-BF4B-00C04F79EFBC}") = "VistaWpfApp", "VistaWpfApp\VistaWpfApp.csproj", "{3B4E4D81-529E-4C59-9422-DF396BB9F09F}"
EndProject
Global
	GlobalSection(SolutionConfigurationPlatforms) = preSolution
		Debug|Any CPU = Debug|Any CPU
		Release|Any CPU = Release|Any CPU
	EndGlobalSection
	GlobalSection(ProjectConfigurationPlatforms) = postSolution
		{574AF878-6880-4215-BDAB-3B9EC100FE02}.Debug|Any CPU.ActiveCfg = Debug|Any CPU
		{574AF878-6880-4215-BDAB-3B9EC100FE02}.Debug|Any CPU.Build.0 = Debug|Any CPU
		{574AF878-6880-4215-BDAB-3B9EC100FE02}.Release|Any CPU.ActiveCfg = Release|Any CPU
		{574AF878-6880-4215-BDAB-3B9EC100FE02}.Release|Any CPU.Build.0 = Release|Any CPU
		{CF7EACBA-C03A-48DF-A29C-CC8496B5FF63}.Debug|Any CPU.ActiveCfg = Debug|Any CPU
		{CF7EACBA-C03A-48DF-A29C-CC8496B5FF63}.Debug|Any CPU.Build.0 = Debug|Any CPU
		{CF7EACBA-C03A-48DF-A29C-CC8496B5FF63}.Release|Any CPU.ActiveCfg = Release|Any CPU
		{CF7EACBA-C03A-48DF-A29C-CC8496B5FF63}.Release|Any CPU.Build.0 = Release|Any CPU
		{7607B20B-0939-44EA-BC47-55C0C1264623}.Debug|Any CPU.ActiveCfg = Debug|Any CPU
		{7607B20B-0939-44EA-BC47-55C0C1264623}.Debug|Any CPU.Build.0 = Debug|Any CPU
		{7607B20B-0939-44EA-BC47-55C0C1264623}.Release|Any CPU.ActiveCfg = Release|Any CPU
		{7607B20B-0939-44EA-BC47-55C0C1264623}.Release|Any CPU.Build.0 = Release|Any CPU
		{3B4E4D81-529E-4C59-9422-DF396BB9F09F}.Debug|Any CPU.ActiveCfg = Debug|Any CPU
		{3B4E4D81-529E-4C59-9422-DF396BB9F09F}.Debug|Any CPU.Build.0 = Debug|Any CPU
		{3B4E4D81-529E-4C59-9422-DF396BB9F09F}.Release|Any CPU.ActiveCfg = Release|Any CPU
		{3B4E4D81-529E-4C59-9422-DF396BB9F09F}.Release|Any CPU.Build.0 = Release|Any CPU
	EndGlobalSection
	GlobalSection(SolutionProperties) = preSolution
		HideSolutionNode = FALSE
	EndGlobalSection
	GlobalSection(ExtensibilityGlobals) = postSolution
		SolutionGuid = {019AEE9F-6589-478B-A927-B17A0B79E50E}
	EndGlobalSection
EndGlobal
